version = 1
revision = 3
requires-python = ">=3.14"

[[package]]
name = "canopen"
version = "2.4.1"
source = { registry = "https://pypi.org/simple" }
dependencies = [
    { name = "python-can" },
]
sdist = { url = "https://files.pythonhosted.org/packages/be/ea/f2654cb432988dfe9ab93140ff502f7e2e7eaa1835e8aaa4ee5a935af736/canopen-2.4.1.tar.gz", hash = "sha256:20a84bc498b34dadd79cece467d3bbe19591c1c02a8f39331bcc6065c4d8b2eb", size = 111357, upload-time = "2025-08-05T11:11:39.476Z" }
wheels = [
    { url = "https://files.pythonhosted.org/packages/80/d3/386a7814c6d3f4209350067ec6ae9618ac7bd1807df244855362d221f263/canopen-2.4.1-py3-none-any.whl", hash = "sha256:651dfb189978fb9083f491128e9fb8cb0e85dc8ccb82b12dd7139236d0080b77", size = 67200, upload-time = "2025-08-05T11:11:38.031Z" },
]

[[package]]
name = "cfdp-opencan-2"
version = "0.1.0"
source = { virtual = "." }
dependencies = [
    { name = "canopen" },
    { name = "cfdp-py" },
]

[package.dev-dependencies]
dev = [
    { name = "pytest" },
]

[package.metadata]
requires-dist = [
    { name = "canopen", specifier = ">=2.4.1" },
    { name = "cfdp-py", specifier = ">=0.6.0,<0.7" },
]

[package.metadata.requires-dev]
dev = [{ name = "pytest", specifier = ">=9.0.2" }]

[[package]]
name = "cfdp-py"
version = "0.6.0"
source = { registry = "https://pypi.org/simple" }
dependencies = [
    { name = "deprecation" },
    { name = "fastcrc" },
    { name = "spacepackets" },
]
sdist = { url = "https://files.pythonhosted.org/packages/bf/9a/caa3e9a6558475d23e06143f06450c530c121c6eda789ad471404ab4a12c/cfdp_py-0.6.0.tar.gz", hash = "sha256:669be8d1e71291273753c9f0958719bef11cd1405f3a2c0b42b8b24f99dec5bb", size = 77718, upload-time = "2025-09-25T11:15:43.929Z" }
wheels = [
    { url = "https://files.pythonhosted.org/packages/b8/ee/0dc785f695ff1c89acee8ff33a12943e076045631b69d072630379830e7e/cfdp_py-0.6.0-py3-none-any.whl", hash = "sha256:16f5996462b7a6295077b4752d234cbb0112f5dfeaaa0ecaea2dd277b0eae8d8", size = 44968, upload-time = "2025-09-25T11:15:41.971Z" },
]

[[package]]
name = "colorama"
version = "0.4.6"
source = { registry = "https://pypi.org/simple" }
sdist = { url = "https://files.pythonhosted.org/packages/d8/53/6f443c9a4a8358a93a6792e2acffb9d9d5cb0a5cfd8802644b7b1c9a02e4/colorama-0.4.6.tar.gz", hash = "sha256:08695f5cb7ed6e0531a20572697297273c47b8cae5a63ffc6d6ed5c201be6e44", size = 27697, upload-time = "2022-10-25T02:36:22.414Z" }
wheels = [
    { url = "https://files.pythonhosted.org/packages/d1/d6/3965ed04c63042e047cb6a3e6ed1a63a35087b6a609aa3a15ed8ac56c221/colorama-0.4.6-py2.py3-none-any.whl", hash = "sha256:4f1d9991f5acc0ca119f9d443620b77f9d6b33703e51011c16baf57afb285fc6", size = 25335, upload-time = "2022-10-25T02:36:20.889Z" },
]

[[package]]
name = "deprecation"
version = "2.1.0"
source = { registry = "https://pypi.org/simple" }
dependencies = [
    { name = "packaging" },
]
sdist = { url = "https://files.pythonhosted.org/packages/5a/d3/8ae2869247df154b64c1884d7346d412fed0c49df84db635aab2d1c40e62/deprecation-2.1.0.tar.gz", hash = "sha256:72b3bde64e5d778694b0cf68178aed03d15e15477116add3fb773e581f9518ff", size = 173788, upload-time = "2020-04-20T14:23:38.738Z" }
wheels = [
    { url = "https://files.pythonhosted.org/packages/02/c3/253a89ee03fc9b9682f1541728eb66db7db22148cd94f89ab22528cd1e1b/deprecation-2.1.0-py2.py3-none-any.whl", hash = "sha256:a10811591210e1fb0e768a8c25517cabeabcba6f0bf96564f8ff45189f90b14a", size = 11178, upload-time = "2020-04-20T14:23:36.581Z" },
]

[[package]]
name = "fastcrc"
version = "0.3.5"
source = { registry = "https://pypi.org/simple" }
sdist = { url = "https://files.pythonhosted.org/packages/2a/79/0afaff8ff928ce9990ca883998c4ea7a7f07f2dfea3ebd6d65ba2aadfd4e/fastcrc-0.3.5.tar.gz", hash = "sha256:3705cbad6b3f283a04256f97ae899404794395090ff5966eac79fe303c13e93e", size = 11979, upload-time = "2025-12-31T18:23:09.579Z" }
wheels = [
    { url = "https://files.pythonhosted.org/packages/57/aa/845d6257bac319b9c1fe16648f2e3d0efa1bbbaf8a5b7b4977851d8102ae/fastcrc-0.3.5-cp314-cp314-macosx_10_12_x86_64.whl", hash = "sha256:b6507652630bc1076f57fe56f265634df21f811d6882a2723be854c58664318c", size = 255565, upload-time = "2025-12-31T18:21:50.502Z" },
    { url = "https://files.pythonhosted.org/packages/f7/66/f67a5e6bf89fa7de858fd055b5a69f00029c16cabf5dcf9bc750db120257/fastcrc-0.3.5-cp314-cp314-macosx_11_0_arm64.whl", hash = "sha256:0a4c39b9c4a8a37f2fb0a255e3b63b640a5426c0daf3d790399ea85aaabad7f6", size = 251112, upload-time = "2025-12-31T18:21:44.753Z" },
    { url = "https://files.pythonhosted.org/packages/74/a1/c7568f21ad284e68faed0093ccb68bb5d5b248bd08f6241dedfe69ff000b/fastcrc-0.3.5-cp314-cp314-manylinux_2_17_aarch64.manylinux2014_aarch64.whl", hash = "sha256:5d0621722fc4c17bdd7e772fb3fb5384d7c985bb1c8f66256a1dba374e2d12a5", size = 282301, upload-time = "2025-12-31T18:19:53.016Z" },
    { url = "https://files.pythonhosted.org/packages/35/57/da0342f2702e6b50b4d4e5befb2fcd127e82762fe30925b9160eed2184a1/fastcrc-0.3.5-cp314-cp314-manylinux_2_17_armv7l.manylinux2014_armv7l.whl", hash = "sha256:648d63f41da1216ef1143573fef35ad2eb34913496ccec58138c2619b10ea469", size = 289811, upload-time = "2025-12-31T18:20:11.584Z" },
    { url = "https://files.pythonhosted.org/packages/7d/d6/94e24eb87bb02546b2b809a8c05034e1e90df3179a44260451e640533a9c/fastcrc-0.3.5-cp314-cp314-manylinux_2_17_ppc64le.manylinux2014_ppc64le.whl", hash = "sha256:2be6196f5c4a40b7fca04ef0cc176aa30ac2e19206f362b953fe0db00ea76080", size = 406010, upload-time = "2025-12-31T18:20:30.67Z" },
    { url = "https://files.pythonhosted.org/packages/5f/3c/c4d71a07bcba4761db0c8ab70b4cb2d1fbd803f72d97e8cde188bd1cb658/fastcrc-0.3.5-cp314-cp314-manylinux_2_17_s390x.manylinux2014_s390x.whl", hash = "sha256:2c70e985afa6ec16eebaeb0f3d6bfacb46826636f59853f1169e2eb2a336a2c5", size = 307190, upload-time = "2025-12-31T18:21:08.204Z" },
    { url = "https://files.pythonhosted.org/packages/38/7b/bba64d12b0c22d839ddb8cfafae49bb332ae925e839fff2b7752bb20d8dc/fastcrc-0.3.5-cp314-cp314-manylinux_2_17_x86_64.manylinux2014_x86_64.whl", hash = "sha256:562820b556d9d2070948a89cb76c34d6ec777bbcd3f70bdb89638a16b6072964", size = 286376, upload-time = "2025-12-31T18:21:35.986Z" },
    { url = "https://files.pythonhosted.org/packages/ae/f4/4fab9f16bb9e6eb6d0c74f913691c25c6f332761c255edd5f3e22a57bd65/fastcrc-0.3.5-cp314-cp314-manylinux_2_31_riscv64.whl", hash = "sha256:99a333fa78aa32f2a024528828cfad71aa39533f210d121ec3962e70542d857b", size = 290450, upload-time = "2025-12-31T18:20:49.2Z" },
    { url = "https://files.pythonhosted.org/packages/41/2c/d4e4072c39f40c8a8550499722ab2539d1de1f30feb97f637d48d33325c7/fastcrc-0.3.5-cp314-cp314-manylinux_2_5_i686.manylinux1_i686.whl", hash = "sha256:1d752dc2285dc446fdf8e3d6e349a3428f46f7b8f059842bdabbb989332d1f3e", size = 299070, upload-time = "2025-12-31T18:21:23.761Z" },
    { url = "https://files.pythonhosted.org/packages/0d/37/12fe830bdfe3b39367645d5b2f8fb2359dc46e67346e91fdd7b9253ad501/fastcrc-0.3.5-cp314-cp314-musllinux_1_2_aarch64.whl", hash = "sha256:c996c9273c4d3b4c2902852a51b7142bd14a6c750f84bec47778225f7f8952c3", size = 464591, upload-time = "2025-12-31T18:22:00.931Z" },
    { url = "https://files.pythonhosted.org/packages/c3/95/edda45991f71b1ec6022c1649397c1b3d82d45cf3c6323684f9a97a4a9ce/fastcrc-0.3.5-cp314-cp314-musllinux_1_2_armv7l.whl", hash = "sha256:d595809fd266b037c22a22c2d72375c3f572d89200827ecaaa7c002b015b8a2e", size = 559904, upload-time = "2025-12-31T18:22:19.778Z" },
    { url = "https://files.pythonhosted.org/packages/1d/d8/aaeb37ebc079ad945dd3aca3fae0f358d5c05af760305e6b6fef63d1c4c7/fastcrc-0.3.5-cp314-cp314-musllinux_1_2_i686.whl", hash = "sha256:c6ee18383827caee641d22f60be89e0a0220c1d5a00c5e8cbb744aac1d5bc876", size = 518525, upload-time = "2025-12-31T18:22:38.392Z" },
    { url = "https://files.pythonhosted.org/packages/0d/b5/7479aadffc83bb152884f65c8d543e61d2e95592d4ed1e902019fe5b80f2/fastcrc-0.3.5-cp314-cp314-musllinux_1_2_x86_64.whl", hash = "sha256:276591e6828cd4dba70cdfc16450607d742c78119d46060a6cf90ef006a13c71", size = 489362, upload-time = "2025-12-31T18:22:57.322Z" },
    { url = "https://files.pythonhosted.org/packages/6d/4f/4c3af4d4410aff8eef2077425406ddb20ccd3eb8b0fb5d6b6bd5fd2510a3/fastcrc-0.3.5-cp314-cp314-win32.whl", hash = "sha256:08ade4c88109a21ad098b99a9dc51bb3b689f9079828b5e390373414d0868828", size = 139114, upload-time = "2025-12-31T18:23:19.462Z" },
    { url = "https://files.pythonhosted.org/packages/dc/81/c2564781aeb0c7ae8a6554329b2f05b8a84a2376d2c0ba170ed44ddcc78c/fastcrc-0.3.5-cp314-cp314-win_amd64.whl", hash = "sha256:01565a368ce5fe8a8578992601575313027fb16f55cf3e62c339ae89ccd6ccd2", size = 147063, upload-time = "2025-12-31T18:23:17.152Z" },
    { url = "https://files.pythonhosted.org/packages/33/79/277500a3ac37b3adf2b1c7ab59ddb72587104b7edb5d1a44f9b0a5af4704/fastcrc-0.3.5-cp314-cp314t-manylinux_2_17_aarch64.manylinux2014_aarch64.whl", hash = "sha256:d169f76f8f6330ef4741eadda4cba8f0254c3ec472ed80ebb98d35fc50227d7c", size = 281969, upload-time = "2025-12-31T18:19:54.201Z" },
    { url = "https://files.pythonhosted.org/packages/08/d3/fe850eaf2e4b9be41fa4ae76c4d02bdf809a382d0d7b63cf71d84b47ecca/fastcrc-0.3.5-cp314-cp314t-manylinux_2_17_armv7l.manylinux2014_armv7l.whl", hash = "sha256:d45e1940d5439f2f6fa1f8f1e4202861fb77335c7432f3fc197960af0c6f335d", size = 289745, upload-time = "2025-12-31T18:20:13.831Z" },
    { url = "https://files.pythonhosted.org/packages/f9/7e/ec4f384a15a95bbad15e359d9d63294c4842eee08f5c576ee22ff3c45035/fastcrc-0.3.5-cp314-cp314t-manylinux_2_17_ppc64le.manylinux2014_ppc64le.whl", hash = "sha256:c8527fded11884789b0ecb9b7d93d9093e38dbfc47d4daefa948447e2397d10b", size = 407620, upload-time = "2025-12-31T18:20:31.987Z" },
    { url = "https://files.pythonhosted.org/packages/98/b8/feb49bf3a2539df193481915653da52a442395c35ffeaf1deb0a649bae87/fastcrc-0.3.5-cp314-cp314t-manylinux_2_17_s390x.manylinux2014_s390x.whl", hash = "sha256:6530a28d45ca0754bbeca3a820ae0cce3ded7f3428ed67b587d3ac8ea45fc4aa", size = 307050, upload-time = "2025-12-31T18:21:09.566Z" },
    { url = "https://files.pythonhosted.org/packages/3c/00/93fe977525ccb06a491490f53042b3682f15e626263917e3e94cd66d877a/fastcrc-0.3.5-cp314-cp314t-manylinux_2_31_riscv64.whl", hash = "sha256:4f1229f339b32987e4ad35ae500564a782ce4e62f260150928c0233f32bb6e83", size = 290287, upload-time = "2025-12-31T18:20:50.443Z" },
    { url = "https://files.pythonhosted.org/packages/d7/e5/0b6ae9ca6cc8ae599ca298e8a42d96febbc69b52d285464bb994f0a682ff/fastcrc-0.3.5-cp314-cp314t-musllinux_1_2_aarch64.whl", hash = "sha256:7d7a56aa52c40d4293230d2751f136346d6a2b392fa2a38fe342754a6d9c238e", size = 464193, upload-time = "2025-12-31T18:22:02.338Z" },
    { url = "https://files.pythonhosted.org/packages/4a/97/7d4ed6342b244c30b81daabaa6eac591426e216455205e5c85b8566fcd19/fastcrc-0.3.5-cp314-cp314t-musllinux_1_2_armv7l.whl", hash = "sha256:5816694e6aac595cca7a4331c503ed00a22889e0f97a0fa82779ed27316c90ee", size = 559728, upload-time = "2025-12-31T18:22:21.143Z" },
    { url = "https://files.pythonhosted.org/packages/eb/4e/b9cac563d0692345bc9e6dfdc7db92695dd1b3b431ac8fe61ec1dbd6d637/fastcrc-0.3.5-cp314-cp314t-musllinux_1_2_i686.whl", hash = "sha256:b598bb000c4290e1eb847ae20a1e07f4ad064d364c2471864fa4c8ccca0f22f6", size = 518422, upload-time = "2025-12-31T18:22:39.747Z" },
    { url = "https://files.pythonhosted.org/packages/a3/58/ef3751447b173ae84d046f90a7dac869b9ff4e11639694f60d8c04f784ea/fastcrc-0.3.5-cp314-cp314t-musllinux_1_2_x86_64.whl", hash = "sha256:56d564c7ec3dc8116c291963834f0925b4a32df1ea53d239fd470fcdde6b80e4", size = 488965, upload-time = "2025-12-31T18:22:59.006Z" },
]

[[package]]
name = "iniconfig"
version = "2.3.0"
source = { registry = "https://pypi.org/simple" }
sdist = { url = "https://files.pythonhosted.org/packages/72/34/14ca021ce8e5dfedc35312d08ba8bf51fdd999c576889fc2c24cb97f4f10/iniconfig-2.3.0.tar.gz", hash = "sha256:c76315c77db068650d49c5b56314774a7804df16fee4402c1f19d6d15d8c4730", size = 20503, upload-time = "2025-10-18T21:55:43.219Z" }
wheels = [
    { url = "https://files.pythonhosted.org/packages/cb/b1/3846dd7f199d53cb17f49cba7e651e9ce294d8497c8c150530ed11865bb8/iniconfig-2.3.0-py3-none-any.whl", hash = "sha256:f631c04d2c48c52b84d0d0549c99ff3859c98df65b3101406327ecc7d53fbf12", size = 7484, upload-time = "2025-10-18T21:55:41.639Z" },
]

[[package]]
name = "packaging"
version = "26.0"
source = { registry = "https://pypi.org/simple" }
sdist = { url = "https://files.pythonhosted.org/packages/65/ee/299d360cdc32edc7d2cf530f3accf79c4fca01e96ffc950d8a52213bd8e4/packaging-26.0.tar.gz", hash = "sha256:00243ae351a257117b6a241061796684b084ed1c516a08c48a3f7e147a9d80b4", size = 143416, upload-time = "2026-01-21T20:50:39.064Z" }
wheels = [
    { url = "https://files.pythonhosted.org/packages/b7/b9/c538f279a4e237a006a2c98387d081e9eb060d203d8ed34467cc0f0b9b53/packaging-26.0-py3-none-any.whl", hash = "sha256:b36f1fef9334a5588b4166f8bcd26a14e521f2b55e6b9de3aaa80d3ff7a37529", size = 74366, upload-time = "2026-01-21T20:50:37.788Z" },
]

[[package]]
name = "pluggy"
version = "1.6.0"
source = { registry = "https://pypi.org/simple" }
sdist = { url = "https://files.pythonhosted.org/packages/f9/e2/3e91f31a7d2b083fe6ef3fa267035b518369d9511ffab804f839851d2779/pluggy-1.6.0.tar.gz", hash = "sha256:7dcc130b76258d33b90f61b658791dede3486c3e6bfb003ee5c9bfb396dd22f3", size = 69412, upload-time = "2025-05-15T12:30:07.975Z" }
wheels = [
    { url = "https://files.pythonhosted.org/packages/54/20/4d324d65cc6d9205fabedc306948156824eb9f0ee1633355a8f7ec5c66bf/pluggy-1.6.0-py3-none-any.whl", hash = "sha256:e920276dd6813095e9377c0bc5566d94c932c33b27a3e3945d8389c374dd4746", size = 20538, upload-time = "2025-05-15T12:30:06.134Z" },
]

[[package]]
name = "pygments"
version = "2.20.0"
source = { registry = "https://pypi.org/simple" }
sdist = { url = "https://files.pythonhosted.org/packages/c3/b2/bc9c9196916376152d655522fdcebac55e66de6603a76a02bca1b6414f6c/pygments-2.20.0.tar.gz", hash = "sha256:6757cd03768053ff99f3039c1a36d6c0aa0b263438fcab17520b30a303a82b5f", size = 4955991, upload-time = "2026-03-29T13:29:33.898Z" }
wheels = [
    { url = "https://files.pythonhosted.org/packages/f4/7e/a72dd26f3b0f4f2bf1dd8923c85f7ceb43172af56d63c7383eb62b332364/pygments-2.20.0-py3-none-any.whl", hash = "sha256:81a9e26dd42fd28a23a2d169d86d7ac03b46e2f8b59ed4698fb4785f946d0176", size = 1231151, upload-time = "2026-03-29T13:29:30.038Z" },
]

[[package]]
name = "pytest"
version = "9.0.2"
source = { registry = "https://pypi.org/simple" }
dependencies = [
    { name = "colorama", marker = "sys_platform == 'win32'" },
    { name = "iniconfig" },
    { name = "packaging" },
    { name = "pluggy" },
    { name = "pygments" },
]
sdist = { url = "https://files.pythonhosted.org/packages/d1/db/7ef3487e0fb0049ddb5ce41d3a49c235bf9ad299b6a25d5780a89f19230f/pytest-9.0.2.tar.gz", hash = "sha256:75186651a92bd89611d1d9fc20f0b4345fd827c41ccd5c299a868a05d70edf11", size = 1568901, upload-time = "2025-12-06T21:30:51.014Z" }
wheels = [
    { url = "https://files.pythonhosted.org/packages/3b/ab/b3226f0bd7cdcf710fbede2b3548584366da3b19b5021e74f5bde2a8fa3f/pytest-9.0.2-py3-none-any.whl", hash = "sha256:711ffd45bf766d5264d487b917733b453d917afd2b0ad65223959f59089f875b", size = 374801, upload-time = "2025-12-06T21:30:49.154Z" },
]

[[package]]
name = "python-can"
version = "4.6.1"
source = { registry = "https://pypi.org/simple" }
dependencies = [
    { name = "packaging" },
    { name = "typing-extensions" },
    { name = "wrapt" },
]
sdist = { url = "https://files.pythonhosted.org/packages/74/f9/a9d99d36dd33be5badb747801c9255c3c526171a5542092eaacc73350fb8/python_can-4.6.1.tar.gz", hash = "sha256:290fea135d04b8504ebff33889cc6d301e2181a54099116609f940825ffe5005", size = 1206049, upload-time = "2025-08-12T07:44:58.314Z" }
wheels = [
    { url = "https://files.pythonhosted.org/packages/58/34/e4ac153acdbcfba7f48bc73d6586a74c91cc919fcc2e29acbf81be329d1f/python_can-4.6.1-py3-none-any.whl", hash = "sha256:17f95255868a95108dcfcb90565a684dad32d5a3ebb35afd14f739e18c84ff6c", size = 276996, upload-time = "2025-08-12T07:44:56.55Z" },
]

[[package]]
name = "spacepackets"
version = "0.31.0"
source = { registry = "https://pypi.org/simple" }
dependencies = [
    { name = "deprecation" },
    { name = "fastcrc" },
]
sdist = { url = "https://files.pythonhosted.org/packages/42/d2/eb00fbe85e013084bea0a55a32f3d22ddbc9ec1f5e0251de2e66ee66e163/spacepackets-0.31.0.tar.gz", hash = "sha256:6ba8923bff04ada31c49bc4a35b98ad43bc0cf85bdc80f4f1db902d014aca341", size = 127775, upload-time = "2025-09-10T14:30:25.675Z" }
wheels = [
    { url = "https://files.pythonhosted.org/packages/2d/93/c864fa5a7dff821fbc11cbeff75cdcebc099031b23ef794ca38ae27ed251/spacepackets-0.31.0-py3-none-any.whl", hash = "sha256:cd69c2e85ff1a4934671ad38abcc1ecfd014879baef9be6ab803d873d41a1902", size = 105922, upload-time = "2025-09-10T14:30:24.236Z" },
]

[[package]]
name = "typing-extensions"
version = "4.15.0"
source = { registry = "https://pypi.org/simple" }
sdist = { url = "https://files.pythonhosted.org/packages/72/94/1a15dd82efb362ac84269196e94cf00f187f7ed21c242792a923cdb1c61f/typing_extensions-4.15.0.tar.gz", hash = "sha256:0cea48d173cc12fa28ecabc3b837ea3cf6f38c6d1136f85cbaaf598984861466", size = 109391, upload-time = "2025-08-25T13:49:26.313Z" }
wheels = [
    { url = "https://files.pythonhosted.org/packages/18/67/36e9267722cc04a6b9f15c7f3441c2363321a3ea07da7ae0c0707beb2a9c/typing_extensions-4.15.0-py3-none-any.whl", hash = "sha256:f0fa19c6845758ab08074a0cfa8b7aecb71c999ca73d62883bc25cc018c4e548", size = 44614, upload-time = "2025-08-25T13:49:24.86Z" },
]

[[package]]
name = "wrapt"
version = "1.17.3"
source = { registry = "https://pypi.org/simple" }
sdist = { url = "https://files.pythonhosted.org/packages/95/8f/aeb76c5b46e273670962298c23e7ddde79916cb74db802131d49a85e4b7d/wrapt-1.17.3.tar.gz", hash = "sha256:f66eb08feaa410fe4eebd17f2a2c8e2e46d3476e9f8c783daa8e09e0faa666d0", size = 55547, upload-time = "2025-08-12T05:53:21.714Z" }
wheels = [
    { url = "https://files.pythonhosted.org/packages/02/a2/cd864b2a14f20d14f4c496fab97802001560f9f41554eef6df201cd7f76c/wrapt-1.17.3-cp314-cp314-macosx_10_13_universal2.whl", hash = "sha256:cf30f6e3c077c8e6a9a7809c94551203c8843e74ba0c960f4a98cd80d4665d39", size = 54132, upload-time = "2025-08-12T05:51:49.864Z" },
    { url = "https://files.pythonhosted.org/packages/d5/46/d011725b0c89e853dc44cceb738a307cde5d240d023d6d40a82d1b4e1182/wrapt-1.17.3-cp314-cp314-macosx_10_13_x86_64.whl", hash = "sha256:e228514a06843cae89621384cfe3a80418f3c04aadf8a3b14e46a7be704e4235", size = 39091, upload-time = "2025-08-12T05:51:38.935Z" },
    { url = "https://files.pythonhosted.org/packages/2e/9e/3ad852d77c35aae7ddebdbc3b6d35ec8013af7d7dddad0ad911f3d891dae/wrapt-1.17.3-cp314-cp314-macosx_11_0_arm64.whl", hash = "sha256:5ea5eb3c0c071862997d6f3e02af1d055f381b1d25b286b9d6644b79db77657c", size = 39172, upload-time = "2025-08-12T05:51:59.365Z" },
    { url = "https://files.pythonhosted.org/packages/c3/f7/c983d2762bcce2326c317c26a6a1e7016f7eb039c27cdf5c4e30f4160f31/wrapt-1.17.3-cp314-cp314-manylinux1_x86_64.manylinux_2_28_x86_64.manylinux_2_5_x86_64.whl", hash = "sha256:281262213373b6d5e4bb4353bc36d1ba4084e6d6b5d242863721ef2bf2c2930b", size = 87163, upload-time = "2025-08-12T05:52:40.965Z" },
    { url = "https://files.pythonhosted.org/packages/e4/0f/f673f75d489c7f22d17fe0193e84b41540d962f75fce579cf6873167c29b/wrapt-1.17.3-cp314-cp314-manylinux2014_aarch64.manylinux_2_17_aarch64.manylinux_2_28_aarch64.whl", hash = "sha256:dc4a8d2b25efb6681ecacad42fca8859f88092d8732b170de6a5dddd80a1c8fa", size = 87963, upload-time = "2025-08-12T05:52:20.326Z" },
    { url = "https://files.pythonhosted.org/packages/df/61/515ad6caca68995da2fac7a6af97faab8f78ebe3bf4f761e1b77efbc47b5/wrapt-1.17.3-cp314-cp314-musllinux_1_2_aarch64.whl", hash = "sha256:373342dd05b1d07d752cecbec0c41817231f29f3a89aa8b8843f7b95992ed0c7", size = 86945, upload-time = "2025-08-12T05:52:21.581Z" },
    { url = "https://files.pythonhosted.org/packages/d3/bd/4e70162ce398462a467bc09e768bee112f1412e563620adc353de9055d33/wrapt-1.17.3-cp314-cp314-musllinux_1_2_x86_64.whl", hash = "sha256:d40770d7c0fd5cbed9d84b2c3f2e156431a12c9a37dc6284060fb4bec0b7ffd4", size = 86857, upload-time = "2025-08-12T05:52:43.043Z" },
    { url = "https://files.pythonhosted.org/packages/2b/b8/da8560695e9284810b8d3df8a19396a6e40e7518059584a1a394a2b35e0a/wrapt-1.17.3-cp314-cp314-win32.whl", hash = "sha256:fbd3c8319de8e1dc79d346929cd71d523622da527cca14e0c1d257e31c2b8b10", size = 37178, upload-time = "2025-08-12T05:53:12.605Z" },
    { url = "https://files.pythonhosted.org/packages/db/c8/b71eeb192c440d67a5a0449aaee2310a1a1e8eca41676046f99ed2487e9f/wrapt-1.17.3-cp314-cp314-win_amd64.whl", hash = "sha256:e1a4120ae5705f673727d3253de3ed0e016f7cd78dc463db1b31e2463e1f3cf6", size = 39310, upload-time = "2025-08-12T05:53:11.106Z" },
    { url = "https://files.pythonhosted.org/packages/45/20/2cda20fd4865fa40f86f6c46ed37a2a8356a7a2fde0773269311f2af56c7/wrapt-1.17.3-cp314-cp314-win_arm64.whl", hash = "sha256:507553480670cab08a800b9463bdb881b2edeed77dc677b0a5915e6106e91a58", size = 37266, upload-time = "2025-08-12T05:52:56.531Z" },
    { url = "https://files.pythonhosted.org/packages/77/ed/dd5cf21aec36c80443c6f900449260b80e2a65cf963668eaef3b9accce36/wrapt-1.17.3-cp314-cp314t-macosx_10_13_universal2.whl", hash = "sha256:ed7c635ae45cfbc1a7371f708727bf74690daedc49b4dba310590ca0bd28aa8a", size = 56544, upload-time = "2025-08-12T05:51:51.109Z" },
    { url = "https://files.pythonhosted.org/packages/8d/96/450c651cc753877ad100c7949ab4d2e2ecc4d97157e00fa8f45df682456a/wrapt-1.17.3-cp314-cp314t-macosx_10_13_x86_64.whl", hash = "sha256:249f88ed15503f6492a71f01442abddd73856a0032ae860de6d75ca62eed8067", size = 40283, upload-time = "2025-08-12T05:51:39.912Z" },
    { url = "https://files.pythonhosted.org/packages/d1/86/2fcad95994d9b572db57632acb6f900695a648c3e063f2cd344b3f5c5a37/wrapt-1.17.3-cp314-cp314t-macosx_11_0_arm64.whl", hash = "sha256:5a03a38adec8066d5a37bea22f2ba6bbf39fcdefbe2d91419ab864c3fb515454", size = 40366, upload-time = "2025-08-12T05:52:00.693Z" },
    { url = "https://files.pythonhosted.org/packages/64/0e/f4472f2fdde2d4617975144311f8800ef73677a159be7fe61fa50997d6c0/wrapt-1.17.3-cp314-cp314t-manylinux1_x86_64.manylinux_2_28_x86_64.manylinux_2_5_x86_64.whl", hash = "sha256:5d4478d72eb61c36e5b446e375bbc49ed002430d17cdec3cecb36993398e1a9e", size = 108571, upload-time = "2025-08-12T05:52:44.521Z" },
    { url = "https://files.pythonhosted.org/packages/cc/01/9b85a99996b0a97c8a17484684f206cbb6ba73c1ce6890ac668bcf3838fb/wrapt-1.17.3-cp314-cp314t-manylinux2014_aarch64.manylinux_2_17_aarch64.manylinux_2_28_aarch64.whl", hash = "sha256:223db574bb38637e8230eb14b185565023ab624474df94d2af18f1cdb625216f", size = 113094, upload-time = "2025-08-12T05:52:22.618Z" },
    { url = "https://files.pythonhosted.org/packages/25/02/78926c1efddcc7b3aa0bc3d6b33a822f7d898059f7cd9ace8c8318e559ef/wrapt-1.17.3-cp314-cp314t-musllinux_1_2_aarch64.whl", hash = "sha256:e405adefb53a435f01efa7ccdec012c016b5a1d3f35459990afc39b6be4d5056", size = 110659, upload-time = "2025-08-12T05:52:24.057Z" },
    { url = "https://files.pythonhosted.org/packages/dc/ee/c414501ad518ac3e6fe184753632fe5e5ecacdcf0effc23f31c1e4f7bfcf/wrapt-1.17.3-cp314-cp314t-musllinux_1_2_x86_64.whl", hash = "sha256:88547535b787a6c9ce4086917b6e1d291aa8ed914fdd3a838b3539dc95c12804", size = 106946, upload-time = "2025-08-12T05:52:45.976Z" },
    { url = "https://files.pythonhosted.org/packages/be/44/a1bd64b723d13bb151d6cc91b986146a1952385e0392a78567e12149c7b4/wrapt-1.17.3-cp314-cp314t-win32.whl", hash = "sha256:41b1d2bc74c2cac6f9074df52b2efbef2b30bdfe5f40cb78f8ca22963bc62977", size = 38717, upload-time = "2025-08-12T05:53:15.214Z" },
    { url = "https://files.pythonhosted.org/packages/79/d9/7cfd5a312760ac4dd8bf0184a6ee9e43c33e47f3dadc303032ce012b8fa3/wrapt-1.17.3-cp314-cp314t-win_amd64.whl", hash = "sha256:73d496de46cd2cdbdbcce4ae4bcdb4afb6a11234a1df9c085249d55166b95116", size = 41334, upload-time = "2025-08-12T05:53:14.178Z" },
    { url = "https://files.pythonhosted.org/packages/46/78/10ad9781128ed2f99dbc474f43283b13fea8ba58723e98844367531c18e9/wrapt-1.17.3-cp314-cp314t-win_arm64.whl", hash = "sha256:f38e60678850c42461d4202739f9bf1e3a737c7ad283638251e79cc49effb6b6", size = 38471, upload-time = "2025-08-12T05:52:57.784Z" },
    { url = "https://files.pythonhosted.org/packages/1f/f6/a933bd70f98e9cf3e08167fc5cd7aaaca49147e48411c0bd5ae701bb2194/wrapt-1.17.3-py3-none-any.whl", hash = "sha256:7171ae35d2c33d326ac19dd8facb1e82e5fd04ef8c6c0e394d7af55a55051c22", size = 23591, upload-time = "2025-08-12T05:53:20.674Z" },
]
